
Microsoft Visual Studio Solution File, Format Version 12.00
# Visual Studio Version 17
VisualStudioVersion = 17.5.33530.505
MinimumVisualStudioVersion = 10.0.40219.1
Project("{FAE04EC0-301F-11D3-BF4B-00C04F79EFBC}") = "Chaos", "Chaos.csproj", "{90519B23-2C80-4086-A290-73EA01F06A66}"
EndProject
Global
	GlobalSection(SolutionConfigurationPlatforms) = preSolution
		Debug|Any CPU = Debug|Any CPU
		Release|Any CPU = Release|Any CPU
	EndGlobalSection
	GlobalSection(ProjectConfigurationPlatforms) = postSolution
		{90519B23-2C80-4086-A290-73EA01F06A66}.Debug|Any CPU.ActiveCfg = Debug|Any CPU
		{90519B23-2C80-4086-A290-73EA01F06A66}.Debug|Any CPU.Build.0 = Debug|Any CPU
		{90519B23-2C80-4086-A290-73EA01F06A66}.Release|Any CPU.ActiveCfg = Release|Any CPU
		{90519B23-2C80-4086-A290-73EA01F06A66}.Release|Any CPU.Build.0 = Release|Any CPU
	EndGlobalSection
	GlobalSection(SolutionProperties) = preSolution
		HideSolutionNode = FALSE
	EndGlobalSection
	GlobalSection(ExtensibilityGlobals) = postSolution
		SolutionGuid = {47BF8589-ABCE-44BB-B3A4-B4CFD1D96BEE}
	EndGlobalSection
EndGlobal
